
Microsoft Visual Studio Solution File, Format Version 12.00
# Visual Studio Version 16
VisualStudioVersion = 16.0.31019.35
MinimumVisualStudioVersion = 10.0.40219.1
Project("{9A19103F-16F7-4668-BE54-9A1E7A4F7556}") = "GenericEntity.CLI", "GenericEntity.CLI\GenericEntity.CLI.csproj", "{D8395E62-C293-4088-AFE6-7DB7CABA0C1F}"
EndProject
Project("{9A19103F-16F7-4668-BE54-9A1E7A4F7556}") = "GenericEntity.Abstractions", "GenericEntity.Abstractions\GenericEntity.Abstractions.csproj", "{F2F46D71-963F-473D-AEA4-9C7810AA648E}"
EndProject
Project("{9A19103F-16F7-4668-BE54-9A1E7A4F7556}") = "GenericEntity.Extensions", "GenericEntity.Extensions\GenericEntity.Extensions.csproj", "{A071557F-1438-459A-89AB-05A401779E28}"
EndProject
Project("{9A19103F-16F7-4668-BE54-9A1E7A4F7556}") = "GenericEntity", "GenericEntity\GenericEntity.csproj", "{020EA87B-C243-428F-A981-BE72F6E66735}"
EndProject
Project("{9A19103F-16F7-4668-BE54-9A1E7A4F7556}") = "Schema.Model", "Schema.Model\Schema.Model.csproj", "{7AC62CE2-C67F-4AE7-A9F9-4FC0A10A27E9}"
EndProject
Global
	GlobalSection(SolutionConfigurationPlatforms) = preSolution
		Debug|Any CPU = Debug|Any CPU
		Release|Any CPU = Release|Any CPU
	EndGlobalSection
	GlobalSection(ProjectConfigurationPlatforms) = postSolution
		{D8395E62-C293-4088-AFE6-7DB7CABA0C1F}.Debug|Any CPU.ActiveCfg = Debug|Any CPU
		{D8395E62-C293-4088-AFE6-7DB7CABA0C1F}.Debug|Any CPU.Build.0 = Debug|Any CPU
		{D8395E62-C293-4088-AFE6-7DB7CABA0C1F}.Release|Any CPU.ActiveCfg = Release|Any CPU
		{D8395E62-C293-4088-AFE6-7DB7CABA0C1F}.Release|Any CPU.Build.0 = Release|Any CPU
		{F2F46D71-963F-473D-AEA4-9C7810AA648E}.Debug|Any CPU.ActiveCfg = Debug|Any CPU
		{F2F46D71-963F-473D-AEA4-9C7810AA648E}.Debug|Any CPU.Build.0 = Debug|Any CPU
		{F2F46D71-963F-473D-AEA4-9C7810AA648E}.Release|Any CPU.ActiveCfg = Release|Any CPU
		{F2F46D71-963F-473D-AEA4-9C7810AA648E}.Release|Any CPU.Build.0 = Release|Any CPU
		{A071557F-1438-459A-89AB-05A401779E28}.Debug|Any CPU.ActiveCfg = Debug|Any CPU
		{A071557F-1438-459A-89AB-05A401779E28}.Debug|Any CPU.Build.0 = Debug|Any CPU
		{A071557F-1438-459A-89AB-05A401779E28}.Release|Any CPU.ActiveCfg = Release|Any CPU
		{A071557F-1438-459A-89AB-05A401779E28}.Release|Any CPU.Build.0 = Release|Any CPU
		{020EA87B-C243-428F-A981-BE72F6E66735}.Debug|Any CPU.ActiveCfg = Debug|Any CPU
		{020EA87B-C243-428F-A981-BE72F6E66735}.Debug|Any CPU.Build.0 = Debug|Any CPU
		{020EA87B-C243-428F-A981-BE72F6E66735}.Release|Any CPU.ActiveCfg = Release|Any CPU
		{020EA87B-C243-428F-A981-BE72F6E66735}.Release|Any CPU.Build.0 = Release|Any CPU
		{7AC62CE2-C67F-4AE7-A9F9-4FC0A10A27E9}.Debug|Any CPU.ActiveCfg = Debug|Any CPU
		{7AC62CE2-C67F-4AE7-A9F9-4FC0A10A27E9}.Debug|Any CPU.Build.0 = Debug|Any CPU
		{7AC62CE2-C67F-4AE7-A9F9-4FC0A10A27E9}.Release|Any CPU.ActiveCfg = Release|Any CPU
		{7AC62CE2-C67F-4AE7-A9F9-4FC0A10A27E9}.Release|Any CPU.Build.0 = Release|Any CPU
	EndGlobalSection
	GlobalSection(SolutionProperties) = preSolution
		HideSolutionNode = FALSE
	EndGlobalSection
	GlobalSection(ExtensibilityGlobals) = postSolution
		SolutionGuid = {EA070BD1-7B80-4ACA-AA9E-20F115A625E4}
	EndGlobalSection
EndGlobal
